{
  "name": "adshop",
  "version": "1.0.0",
  "lockfileVersion": 1,
  "requires": true,
  "dependencies": {
    "include-media": {
      "version": "1.4.9",
      "resolved": "https://registry.npmjs.org/include-media/-/include-media-1.4.9.tgz",
      "integrity": "sha1-0AILe+PrLVSGiiCUNZXOOA4LxDs="
    },
    "moment": {
      "version": "2.29.1",
      "resolved": "https://registry.npmjs.org/moment/-/moment-2.29.1.tgz",
      "integrity": "sha512-kHmoybcPV8Sqy59DwNDY3Jefr64lK/by/da0ViFcuA4DH0vQg5Q6Ze5VimxkfQNSC+Mls/Kx53s7TjP1RhFEDQ=="
    }
  }
}
